{
  "name": "personal-website",
  "version": "1.0.0",
  "lockfileVersion": 2,
  "requires": true,
  "packages": {
    "": {
      "name": "personal-website",
      "version": "1.0.0",
      "dependencies": {
        "vite": "^4.0.0",
        "vue": "^3.2.0"
      }
    },
    "node_modules/vite": {
      "version": "4.0.3",
      "resolved": "https://registry.npmjs.org/vite/-/vite-4.0.3.tgz",
      "integrity": "sha512-<hash>",
      "dependencies": {
        "esbuild": "^0.17.5"
      }
    },
    "node_modules/vue": {
      "version": "3.2.45",
      "resolved": "https://registry.npmjs.org/vue/-/vue-3.2.45.tgz",
      "integrity": "sha512-<hash>"
    },
    "node_modules/esbuild": {
      "version": "0.17.5",
      "resolved": "https://registry.npmjs.org/esbuild/-/esbuild-0.17.5.tgz",
      "integrity": "sha512-<hash>"
    }
  },
  "dependencies": {
    "vite": {
      "version": "4.0.3",
      "resolved": "https://registry.npmjs.org/vite/-/vite-4.0.3.tgz",
      "integrity": "sha512-<hash>",
      "requires": {
        "esbuild": "^0.17.5"
      }
    },
    "vue": {
      "version": "3.2.45",
      "resolved": "https://registry.npmjs.org/vue/-/vue-3.2.45.tgz",
      "integrity": "sha512-<hash>"
    },
    "esbuild": {
      "version": "0.17.5",
      "resolved": "https://registry.npmjs.org/esbuild/-/esbuild-0.17.5.tgz",
      "integrity": "sha512-<hash>"
    }
  }
}
